
Microsoft Visual Studio Solution File, Format Version 12.00
# Visual Studio Version 16
VisualStudioVersion = 16.0.31911.196
MinimumVisualStudioVersion = 10.0.40219.1
Project("{9A19103F-16F7-4668-BE54-9A1E7A4F7556}") = "ColourSelectionApplication", "ColourSelectionApplication\ColourSelectionApplication.csproj", "{9CC2F5FD-4EDA-4676-B4C2-2CC03890961F}"
	ProjectSection(ProjectDependencies) = postProject
		{63EF9D30-447A-4F79-9EC8-E4956DC0ABF8} = {63EF9D30-447A-4F79-9EC8-E4956DC0ABF8}
	EndProjectSection
EndProject
Project("{FAE04EC0-301F-11D3-BF4B-00C04F79EFBC}") = "CustomUIControls", "CustomUIControls\CustomUIControls.csproj", "{63EF9D30-447A-4F79-9EC8-E4956DC0ABF8}"
EndProject
Global
	GlobalSection(SolutionConfigurationPlatforms) = preSolution
		Debug|Any CPU = Debug|Any CPU
		Release|Any CPU = Release|Any CPU
	EndGlobalSection
	GlobalSection(ProjectConfigurationPlatforms) = postSolution
		{9CC2F5FD-4EDA-4676-B4C2-2CC03890961F}.Debug|Any CPU.ActiveCfg = Debug|Any CPU
		{9CC2F5FD-4EDA-4676-B4C2-2CC03890961F}.Debug|Any CPU.Build.0 = Debug|Any CPU
		{9CC2F5FD-4EDA-4676-B4C2-2CC03890961F}.Release|Any CPU.ActiveCfg = Release|Any CPU
		{9CC2F5FD-4EDA-4676-B4C2-2CC03890961F}.Release|Any CPU.Build.0 = Release|Any CPU
		{63EF9D30-447A-4F79-9EC8-E4956DC0ABF8}.Debug|Any CPU.ActiveCfg = Debug|Any CPU
		{63EF9D30-447A-4F79-9EC8-E4956DC0ABF8}.Debug|Any CPU.Build.0 = Debug|Any CPU
		{63EF9D30-447A-4F79-9EC8-E4956DC0ABF8}.Release|Any CPU.ActiveCfg = Release|Any CPU
		{63EF9D30-447A-4F79-9EC8-E4956DC0ABF8}.Release|Any CPU.Build.0 = Release|Any CPU
	EndGlobalSection
	GlobalSection(SolutionProperties) = preSolution
		HideSolutionNode = FALSE
	EndGlobalSection
	GlobalSection(ExtensibilityGlobals) = postSolution
		SolutionGuid = {2E53663A-8141-464B-B4AD-DED653DC249C}
	EndGlobalSection
EndGlobal
